
Microsoft Visual Studio Solution File, Format Version 12.00
# Visual Studio 15
VisualStudioVersion = 15.0.28010.2046
MinimumVisualStudioVersion = 10.0.40219.1
Project("{FAE04EC0-301F-11D3-BF4B-00C04F79EFBC}") = "VkStatistics", "VkStatistics\VkStatistics.csproj", "{02131E9A-988A-4F32-B0DE-E846B5CFB08E}"
EndProject
Global
	GlobalSection(SolutionConfigurationPlatforms) = preSolution
		Debug|Any CPU = Debug|Any CPU
		Release|Any CPU = Release|Any CPU
	EndGlobalSection
	GlobalSection(ProjectConfigurationPlatforms) = postSolution
		{02131E9A-988A-4F32-B0DE-E846B5CFB08E}.Debug|Any CPU.ActiveCfg = Debug|Any CPU
		{02131E9A-988A-4F32-B0DE-E846B5CFB08E}.Debug|Any CPU.Build.0 = Debug|Any CPU
		{02131E9A-988A-4F32-B0DE-E846B5CFB08E}.Release|Any CPU.ActiveCfg = Release|Any CPU
		{02131E9A-988A-4F32-B0DE-E846B5CFB08E}.Release|Any CPU.Build.0 = Release|Any CPU
	EndGlobalSection
	GlobalSection(SolutionProperties) = preSolution
		HideSolutionNode = FALSE
	EndGlobalSection
	GlobalSection(ExtensibilityGlobals) = postSolution
		SolutionGuid = {36698490-33EC-495F-852A-DA9B9FF40A0F}
	EndGlobalSection
EndGlobal
